
Microsoft Visual Studio Solution File, Format Version 12.00
# Visual Studio Version 17
VisualStudioVersion = 17.11.35222.181
MinimumVisualStudioVersion = 10.0.40219.1
Project("{FAE04EC0-301F-11D3-BF4B-00C04F79EFBC}") = "richardson.barratt-nate-a2-drawing", "richardson.barratt-nate-a2-drawing.csproj", "{765A1129-7D20-4C3C-9732-4181286BB01B}"
EndProject
Global
	GlobalSection(SolutionConfigurationPlatforms) = preSolution
		Debug|Any CPU = Debug|Any CPU
		Release|Any CPU = Release|Any CPU
	EndGlobalSection
	GlobalSection(ProjectConfigurationPlatforms) = postSolution
		{765A1129-7D20-4C3C-9732-4181286BB01B}.Debug|Any CPU.ActiveCfg = Debug|Any CPU
		{765A1129-7D20-4C3C-9732-4181286BB01B}.Debug|Any CPU.Build.0 = Debug|Any CPU
		{765A1129-7D20-4C3C-9732-4181286BB01B}.Release|Any CPU.ActiveCfg = Release|Any CPU
		{765A1129-7D20-4C3C-9732-4181286BB01B}.Release|Any CPU.Build.0 = Release|Any CPU
	EndGlobalSection
	GlobalSection(SolutionProperties) = preSolution
		HideSolutionNode = FALSE
	EndGlobalSection
	GlobalSection(ExtensibilityGlobals) = postSolution
		SolutionGuid = {90D6069C-3B38-44FC-9078-78D915AF2256}
	EndGlobalSection
EndGlobal
